{
  "lockfile_version": "1",
  "packages": {
    "pdm@latest": {
      "last_modified": "2024-02-29T01:10:36Z",
      "resolved": "github:NixOS/nixpkgs/ec25c90d35d24e36c0af3b3d58a09542367ebbee#pdm",
      "source": "devbox-search",
      "version": "2.12.3",
      "systems": {
        "aarch64-darwin": {
          "store_path": "/nix/store/ndi000i45baxkqjn54909hrf3pq2pzsf-pdm-2.12.3"
        },
        "aarch64-linux": {
          "store_path": "/nix/store/vba6133yndz9z99h868gvz92rdmhlkli-pdm-2.12.3"
        },
        "x86_64-darwin": {
          "store_path": "/nix/store/q7hkni0ivrnp6znbdb7g429j7injw8qw-pdm-2.12.3"
        },
        "x86_64-linux": {
          "store_path": "/nix/store/bvsa7pyjns5xadiam5ws3ckncxv6l45a-pdm-2.12.3"
        }
      }
    },
    "pre-commit@latest": {
      "last_modified": "2024-03-06T17:57:40Z",
      "resolved": "github:NixOS/nixpkgs/58ae79ea707579c40102ddf62d84b902a987c58b#pre-commit",
      "source": "devbox-search",
      "version": "3.6.2",
      "systems": {
        "aarch64-darwin": {
          "store_path": "/nix/store/6054c32wnrc2jwd3vg83mrdxji34gj78-pre-commit-3.6.2"
        },
        "aarch64-linux": {
          "store_path": "/nix/store/8b8c8niyvq23hbrkc26wm91pq3m1vwsj-pre-commit-3.6.2"
        },
        "x86_64-darwin": {
          "store_path": "/nix/store/2jd5c3ir3zsk4y612zyaq2hssn5fvy8x-pre-commit-3.6.2"
        },
        "x86_64-linux": {
          "store_path": "/nix/store/f87ha48qbkhfz6h2yg2dxp6s1kcbqdmp-pre-commit-3.6.2"
        }
      }
    },
    "python310@latest": {
      "last_modified": "2024-02-24T23:06:34Z",
      "plugin_version": "0.0.3",
      "resolved": "github:NixOS/nixpkgs/9a9dae8f6319600fa9aebde37f340975cab4b8c0#python310",
      "source": "devbox-search",
      "version": "3.10.13",
      "systems": {
        "aarch64-darwin": {
          "store_path": "/nix/store/lxcbwhpylvcngx5k2wky62rdriwynw7m-python3-3.10.13"
        },
        "aarch64-linux": {
          "store_path": "/nix/store/4y6m8w5pc6fcj0jnl49q6zpkjl74iglp-python3-3.10.13"
        },
        "x86_64-darwin": {
          "store_path": "/nix/store/hjiq75b46gw3wzznx278indcrppji823-python3-3.10.13"
        },
        "x86_64-linux": {
          "store_path": "/nix/store/9x6kjq8z5dwcg145l7k2r5lvvb24kckp-python3-3.10.13"
        }
      }
    }
  }
}
